# THIS IS AN AUTOGENERATED FILE. DO NOT EDIT THIS FILE DIRECTLY.
# yarn lockfile v1


jquery@^3.5.0:
  version "3.5.0"
  resolved "https://registry.yarnpkg.com/jquery/-/jquery-3.5.0.tgz#9980b97d9e4194611c36530e7dc46a58d7340fc9"
  integrity sha512-Xb7SVYMvygPxbFMpTFQiHh1J7HClEaThguL15N/Gg37Lri/qKyhRGZYzHRyLH8Stq3Aow0LsHO2O2ci86fCrNQ==

taggle@^1.14.1:
  version "1.14.1"
  resolved "https://registry.yarnpkg.com/taggle/-/taggle-1.14.1.tgz#3eec0c554ffabe3cb95590f210760d2067d4f5d6"
  integrity sha512-ciwEaH+X5ZGfPZD/KpXQRLBxZVAKKco2JW1tml5c/6JnCkP21tHXOnDoiElIstPilsPLHru7zYVaKBLpKOL5hw==
