# THIS IS AN AUTOGENERATED FILE. DO NOT EDIT THIS FILE DIRECTLY.
# yarn lockfile v1


jquery@^3.4.0:
  version "3.4.0"
  resolved "https://registry.yarnpkg.com/jquery/-/jquery-3.4.0.tgz#8de513fa0fa4b2c7d2e48a530e26f0596936efdf"
  integrity sha512-ggRCXln9zEqv6OqAGXFEcshF5dSBvCkzj6Gm2gzuR5fWawaX8t7cxKVkkygKODrDAzKdoYw3l/e3pm3vlT4IbQ==

taggle@^1.14.1:
  version "1.14.1"
  resolved "https://registry.yarnpkg.com/taggle/-/taggle-1.14.1.tgz#3eec0c554ffabe3cb95590f210760d2067d4f5d6"
  integrity sha512-ciwEaH+X5ZGfPZD/KpXQRLBxZVAKKco2JW1tml5c/6JnCkP21tHXOnDoiElIstPilsPLHru7zYVaKBLpKOL5hw==
